
Microsoft Visual Studio Solution File, Format Version 12.00
# Visual Studio Version 17
VisualStudioVersion = 17.10.34916.146
MinimumVisualStudioVersion = 10.0.40219.1
Project("{FAE04EC0-301F-11D3-BF4B-00C04F79EFBC}") = "OCPpatron", "OCPpatron\OCPpatron.csproj", "{799798BA-AE09-4CAD-81C4-8C91CC1EF096}"
EndProject
Global
	GlobalSection(SolutionConfigurationPlatforms) = preSolution
		Debug|Any CPU = Debug|Any CPU
		Release|Any CPU = Release|Any CPU
	EndGlobalSection
	GlobalSection(ProjectConfigurationPlatforms) = postSolution
		{799798BA-AE09-4CAD-81C4-8C91CC1EF096}.Debug|Any CPU.ActiveCfg = Debug|Any CPU
		{799798BA-AE09-4CAD-81C4-8C91CC1EF096}.Debug|Any CPU.Build.0 = Debug|Any CPU
		{799798BA-AE09-4CAD-81C4-8C91CC1EF096}.Release|Any CPU.ActiveCfg = Release|Any CPU
		{799798BA-AE09-4CAD-81C4-8C91CC1EF096}.Release|Any CPU.Build.0 = Release|Any CPU
	EndGlobalSection
	GlobalSection(SolutionProperties) = preSolution
		HideSolutionNode = FALSE
	EndGlobalSection
	GlobalSection(ExtensibilityGlobals) = postSolution
		SolutionGuid = {918E275A-D463-47AE-B117-AF5A81A17D49}
	EndGlobalSection
EndGlobal
